
Microsoft Visual Studio Solution File, Format Version 12.00
# Visual Studio Version 17
VisualStudioVersion = 17.5.002.0
MinimumVisualStudioVersion = 10.0.40219.1
Project("{9A19103F-16F7-4668-BE54-9A1E7A4F7556}") = "MobileHub", "MobileHub\MobileHub.csproj", "{032B0773-A9E5-447B-B547-2A1577842933}"
EndProject
Global
	GlobalSection(SolutionConfigurationPlatforms) = preSolution
		Debug|Any CPU = Debug|Any CPU
		Release|Any CPU = Release|Any CPU
	EndGlobalSection
	GlobalSection(ProjectConfigurationPlatforms) = postSolution
		{032B0773-A9E5-447B-B547-2A1577842933}.Debug|Any CPU.ActiveCfg = Debug|Any CPU
		{032B0773-A9E5-447B-B547-2A1577842933}.Debug|Any CPU.Build.0 = Debug|Any CPU
		{032B0773-A9E5-447B-B547-2A1577842933}.Release|Any CPU.ActiveCfg = Release|Any CPU
		{032B0773-A9E5-447B-B547-2A1577842933}.Release|Any CPU.Build.0 = Release|Any CPU
	EndGlobalSection
	GlobalSection(SolutionProperties) = preSolution
		HideSolutionNode = FALSE
	EndGlobalSection
	GlobalSection(ExtensibilityGlobals) = postSolution
		SolutionGuid = {21C84E50-F533-4F59-B1F7-093313490621}
	EndGlobalSection
EndGlobal
